
Microsoft Visual Studio Solution File, Format Version 12.00
# Visual Studio Version 17
VisualStudioVersion = 17.2.32526.322
MinimumVisualStudioVersion = 10.0.40219.1
Project("{FAE04EC0-301F-11D3-BF4B-00C04F79EFBC}") = "MvcCubosPratica", "MvcCubosPratica\MvcCubosPratica.csproj", "{79933A22-33E5-4CE2-AE9E-ED38B55A6015}"
EndProject
Global
	GlobalSection(SolutionConfigurationPlatforms) = preSolution
		Debug|Any CPU = Debug|Any CPU
		Release|Any CPU = Release|Any CPU
	EndGlobalSection
	GlobalSection(ProjectConfigurationPlatforms) = postSolution
		{79933A22-33E5-4CE2-AE9E-ED38B55A6015}.Debug|Any CPU.ActiveCfg = Debug|Any CPU
		{79933A22-33E5-4CE2-AE9E-ED38B55A6015}.Debug|Any CPU.Build.0 = Debug|Any CPU
		{79933A22-33E5-4CE2-AE9E-ED38B55A6015}.Release|Any CPU.ActiveCfg = Release|Any CPU
		{79933A22-33E5-4CE2-AE9E-ED38B55A6015}.Release|Any CPU.Build.0 = Release|Any CPU
	EndGlobalSection
	GlobalSection(SolutionProperties) = preSolution
		HideSolutionNode = FALSE
	EndGlobalSection
	GlobalSection(ExtensibilityGlobals) = postSolution
		SolutionGuid = {052C50AA-FBB0-4962-BA1E-B954E0B1D7AC}
	EndGlobalSection
EndGlobal
